
Microsoft Visual Studio Solution File, Format Version 12.00
# Visual Studio Version 16
VisualStudioVersion = 16.0.31129.286
MinimumVisualStudioVersion = 10.0.40219.1
Project("{FAE04EC0-301F-11D3-BF4B-00C04F79EFBC}") = "WarhammerNecronInvaders", "WarhammerNecronInvaders\WarhammerNecronInvaders.csproj", "{92B7BBF1-2295-4143-A1D3-091D69D900CE}"
EndProject
Global
	GlobalSection(SolutionConfigurationPlatforms) = preSolution
		Debug|Any CPU = Debug|Any CPU
		Release|Any CPU = Release|Any CPU
	EndGlobalSection
	GlobalSection(ProjectConfigurationPlatforms) = postSolution
		{92B7BBF1-2295-4143-A1D3-091D69D900CE}.Debug|Any CPU.ActiveCfg = Debug|Any CPU
		{92B7BBF1-2295-4143-A1D3-091D69D900CE}.Debug|Any CPU.Build.0 = Debug|Any CPU
		{92B7BBF1-2295-4143-A1D3-091D69D900CE}.Release|Any CPU.ActiveCfg = Release|Any CPU
		{92B7BBF1-2295-4143-A1D3-091D69D900CE}.Release|Any CPU.Build.0 = Release|Any CPU
	EndGlobalSection
	GlobalSection(SolutionProperties) = preSolution
		HideSolutionNode = FALSE
	EndGlobalSection
	GlobalSection(ExtensibilityGlobals) = postSolution
		SolutionGuid = {A8DDD8FD-92E4-4CEB-A2B0-935D5D0D411D}
	EndGlobalSection
EndGlobal
